
Microsoft Visual Studio Solution File, Format Version 12.00
# Visual Studio 2012
Project("{FAE04EC0-301F-11D3-BF4B-00C04F79EFBC}") = "Web", "Web\Web.csproj", "{5A59B00B-7ED8-4BDA-96F6-3ED914AD39FB}"
EndProject
Project("{FAE04EC0-301F-11D3-BF4B-00C04F79EFBC}") = "Core", "Core\Core.csproj", "{D32D2602-3CFC-4E31-AC8F-90A769E90D9F}"
EndProject
Global
	GlobalSection(SolutionConfigurationPlatforms) = preSolution
		Debug|Any CPU = Debug|Any CPU
		Release|Any CPU = Release|Any CPU
	EndGlobalSection
	GlobalSection(ProjectConfigurationPlatforms) = postSolution
		{5A59B00B-7ED8-4BDA-96F6-3ED914AD39FB}.Debug|Any CPU.ActiveCfg = Debug|Any CPU
		{5A59B00B-7ED8-4BDA-96F6-3ED914AD39FB}.Debug|Any CPU.Build.0 = Debug|Any CPU
		{5A59B00B-7ED8-4BDA-96F6-3ED914AD39FB}.Release|Any CPU.ActiveCfg = Release|Any CPU
		{5A59B00B-7ED8-4BDA-96F6-3ED914AD39FB}.Release|Any CPU.Build.0 = Release|Any CPU
		{D32D2602-3CFC-4E31-AC8F-90A769E90D9F}.Debug|Any CPU.ActiveCfg = Debug|Any CPU
		{D32D2602-3CFC-4E31-AC8F-90A769E90D9F}.Debug|Any CPU.Build.0 = Debug|Any CPU
		{D32D2602-3CFC-4E31-AC8F-90A769E90D9F}.Release|Any CPU.ActiveCfg = Release|Any CPU
		{D32D2602-3CFC-4E31-AC8F-90A769E90D9F}.Release|Any CPU.Build.0 = Release|Any CPU
	EndGlobalSection
	GlobalSection(SolutionProperties) = preSolution
		HideSolutionNode = FALSE
	EndGlobalSection
EndGlobal
